# THIS IS AN AUTOGENERATED FILE. DO NOT EDIT THIS FILE DIRECTLY.
# yarn lockfile v1


ws@^7.4.5:
  version "7.4.5"
  resolved "https://registry.npm.taobao.org/ws/download/ws-7.4.5.tgz?cache=0&sync_timestamp=1618734243525&other_urls=https%3A%2F%2Fregistry.npm.taobao.org%2Fws%2Fdownload%2Fws-7.4.5.tgz#a484dd851e9beb6fdb420027e3885e8ce48986c1"
  integrity sha1-pITdhR6b62/bQgAn44hejOSJhsE=
